
Microsoft Visual Studio Solution File, Format Version 12.00
# Visual Studio Version 17
VisualStudioVersion = 17.3.32929.385
MinimumVisualStudioVersion = 10.0.40219.1
Project("{8BC9CEB8-8B4A-11D0-8D11-00A0C91BC942}") = "Dll4", "Dll4\Dll4.vcxproj", "{EFEF4000-6029-4B1E-881B-CCF023F1D405}"
EndProject
Global
	GlobalSection(SolutionConfigurationPlatforms) = preSolution
		Debug|x64 = Debug|x64
		Debug|x86 = Debug|x86
		Release|x64 = Release|x64
		Release|x86 = Release|x86
	EndGlobalSection
	GlobalSection(ProjectConfigurationPlatforms) = postSolution
		{EFEF4000-6029-4B1E-881B-CCF023F1D405}.Debug|x64.ActiveCfg = Debug|x64
		{EFEF4000-6029-4B1E-881B-CCF023F1D405}.Debug|x64.Build.0 = Debug|x64
		{EFEF4000-6029-4B1E-881B-CCF023F1D405}.Debug|x86.ActiveCfg = Debug|Win32
		{EFEF4000-6029-4B1E-881B-CCF023F1D405}.Debug|x86.Build.0 = Debug|Win32
		{EFEF4000-6029-4B1E-881B-CCF023F1D405}.Release|x64.ActiveCfg = Release|x64
		{EFEF4000-6029-4B1E-881B-CCF023F1D405}.Release|x64.Build.0 = Release|x64
		{EFEF4000-6029-4B1E-881B-CCF023F1D405}.Release|x86.ActiveCfg = Release|Win32
		{EFEF4000-6029-4B1E-881B-CCF023F1D405}.Release|x86.Build.0 = Release|Win32
	EndGlobalSection
	GlobalSection(SolutionProperties) = preSolution
		HideSolutionNode = FALSE
	EndGlobalSection
	GlobalSection(ExtensibilityGlobals) = postSolution
		SolutionGuid = {37E365EA-6115-4C6A-8E5C-2F225AEC007C}
	EndGlobalSection
EndGlobal
