
Microsoft Visual Studio Solution File, Format Version 12.00
# Visual Studio Version 17
VisualStudioVersion = 17.3.32922.545
MinimumVisualStudioVersion = 10.0.40219.1
Project("{FAE04EC0-301F-11D3-BF4B-00C04F79EFBC}") = "Wydawca", "Wydawca\Wydawca.csproj", "{2EE8E5F8-A604-4FFF-8C14-05E6F76C7044}"
EndProject
Global
	GlobalSection(SolutionConfigurationPlatforms) = preSolution
		Debug|Any CPU = Debug|Any CPU
		Release|Any CPU = Release|Any CPU
	EndGlobalSection
	GlobalSection(ProjectConfigurationPlatforms) = postSolution
		{2EE8E5F8-A604-4FFF-8C14-05E6F76C7044}.Debug|Any CPU.ActiveCfg = Debug|Any CPU
		{2EE8E5F8-A604-4FFF-8C14-05E6F76C7044}.Debug|Any CPU.Build.0 = Debug|Any CPU
		{2EE8E5F8-A604-4FFF-8C14-05E6F76C7044}.Release|Any CPU.ActiveCfg = Release|Any CPU
		{2EE8E5F8-A604-4FFF-8C14-05E6F76C7044}.Release|Any CPU.Build.0 = Release|Any CPU
	EndGlobalSection
	GlobalSection(SolutionProperties) = preSolution
		HideSolutionNode = FALSE
	EndGlobalSection
	GlobalSection(ExtensibilityGlobals) = postSolution
		SolutionGuid = {E6244465-5D8E-492C-9BA3-E7B329730EE7}
	EndGlobalSection
EndGlobal
